
Microsoft Visual Studio Solution File, Format Version 12.00
# Visual Studio 15
VisualStudioVersion = 15.0.28307.779
MinimumVisualStudioVersion = 10.0.40219.1
Project("{FAE04EC0-301F-11D3-BF4B-00C04F79EFBC}") = "TherapyBackOffice_EmployeeModule.API", "TherapyBackOffice_EmployeeModule\TherapyBackOffice_EmployeeModule.API.csproj", "{F3EACCBD-A343-4316-BC4C-626FF3106722}"
EndProject
Project("{FAE04EC0-301F-11D3-BF4B-00C04F79EFBC}") = "TherapyBackOffice_EmployeeModule.Domain", "..\TherapyBackOffice_EmployeeModule.Domain\TherapyBackOffice_EmployeeModule.Domain.csproj", "{A90A8276-6893-4408-897F-6A84AD70DC7D}"
EndProject
Project("{FAE04EC0-301F-11D3-BF4B-00C04F79EFBC}") = "TherapyBackOffice_EmployeeModule.Infrastructure", "TherapyBackOffice_EmployeeModule.Infrastructure\TherapyBackOffice_EmployeeModule.Infrastructure.csproj", "{6EC20480-489E-4B0B-88AE-815E17AEB201}"
EndProject
Global
	GlobalSection(SolutionConfigurationPlatforms) = preSolution
		Debug|Any CPU = Debug|Any CPU
		Release|Any CPU = Release|Any CPU
	EndGlobalSection
	GlobalSection(ProjectConfigurationPlatforms) = postSolution
		{F3EACCBD-A343-4316-BC4C-626FF3106722}.Debug|Any CPU.ActiveCfg = Debug|Any CPU
		{F3EACCBD-A343-4316-BC4C-626FF3106722}.Debug|Any CPU.Build.0 = Debug|Any CPU
		{F3EACCBD-A343-4316-BC4C-626FF3106722}.Release|Any CPU.ActiveCfg = Release|Any CPU
		{F3EACCBD-A343-4316-BC4C-626FF3106722}.Release|Any CPU.Build.0 = Release|Any CPU
		{A90A8276-6893-4408-897F-6A84AD70DC7D}.Debug|Any CPU.ActiveCfg = Debug|Any CPU
		{A90A8276-6893-4408-897F-6A84AD70DC7D}.Debug|Any CPU.Build.0 = Debug|Any CPU
		{A90A8276-6893-4408-897F-6A84AD70DC7D}.Release|Any CPU.ActiveCfg = Release|Any CPU
		{A90A8276-6893-4408-897F-6A84AD70DC7D}.Release|Any CPU.Build.0 = Release|Any CPU
		{6EC20480-489E-4B0B-88AE-815E17AEB201}.Debug|Any CPU.ActiveCfg = Debug|Any CPU
		{6EC20480-489E-4B0B-88AE-815E17AEB201}.Debug|Any CPU.Build.0 = Debug|Any CPU
		{6EC20480-489E-4B0B-88AE-815E17AEB201}.Release|Any CPU.ActiveCfg = Release|Any CPU
		{6EC20480-489E-4B0B-88AE-815E17AEB201}.Release|Any CPU.Build.0 = Release|Any CPU
	EndGlobalSection
	GlobalSection(SolutionProperties) = preSolution
		HideSolutionNode = FALSE
	EndGlobalSection
	GlobalSection(ExtensibilityGlobals) = postSolution
		SolutionGuid = {F5071B01-25BD-40E8-96F6-224A1DCE5BDE}
	EndGlobalSection
EndGlobal
